
Microsoft Visual Studio Solution File, Format Version 12.00
# Visual Studio Version 17
VisualStudioVersion = 17.11.35222.181
MinimumVisualStudioVersion = 10.0.40219.1
Project("{9A19103F-16F7-4668-BE54-9A1E7A4F7556}") = "Ecliptica", "Ecliptica\Ecliptica.csproj", "{209F276B-9A95-4640-A299-4048C97987AC}"
EndProject
Project("{9A19103F-16F7-4668-BE54-9A1E7A4F7556}") = "EclipticaDesktopApp", "EclipticaDesktopApp\EclipticaDesktopApp.csproj", "{5BDBF370-5E42-48E4-BB80-0C853B52C8B3}"
EndProject
Project("{9A19103F-16F7-4668-BE54-9A1E7A4F7556}") = "GameAssets", "GameAssets\GameAssets.csproj", "{4E5CA82A-F0C8-4D64-B4D0-70D7EC094391}"
EndProject
Project("{2150E333-8FDC-42A3-9474-1A3956D46DE8}") = "Solution Items", "Solution Items", "{809C0A6C-76CB-4CBB-B6AD-C5E1A9D8C13C}"
EndProject
Project("{54435603-DBB4-11D2-8724-00A0C9A8B90C}") = "EclipticaInstaller", "EclipticaInstaller\EclipticaInstaller.vdproj", "{D533EA38-B49C-4410-8A66-BC181FB8CB56}"
EndProject
Global
	GlobalSection(SolutionConfigurationPlatforms) = preSolution
		Debug|Any CPU = Debug|Any CPU
		Release|Any CPU = Release|Any CPU
	EndGlobalSection
	GlobalSection(ProjectConfigurationPlatforms) = postSolution
		{209F276B-9A95-4640-A299-4048C97987AC}.Debug|Any CPU.ActiveCfg = Debug|Any CPU
		{209F276B-9A95-4640-A299-4048C97987AC}.Debug|Any CPU.Build.0 = Debug|Any CPU
		{209F276B-9A95-4640-A299-4048C97987AC}.Release|Any CPU.ActiveCfg = Release|Any CPU
		{209F276B-9A95-4640-A299-4048C97987AC}.Release|Any CPU.Build.0 = Release|Any CPU
		{5BDBF370-5E42-48E4-BB80-0C853B52C8B3}.Debug|Any CPU.ActiveCfg = Debug|Any CPU
		{5BDBF370-5E42-48E4-BB80-0C853B52C8B3}.Debug|Any CPU.Build.0 = Debug|Any CPU
		{5BDBF370-5E42-48E4-BB80-0C853B52C8B3}.Release|Any CPU.ActiveCfg = Release|Any CPU
		{5BDBF370-5E42-48E4-BB80-0C853B52C8B3}.Release|Any CPU.Build.0 = Release|Any CPU
		{4E5CA82A-F0C8-4D64-B4D0-70D7EC094391}.Debug|Any CPU.ActiveCfg = Debug|Any CPU
		{4E5CA82A-F0C8-4D64-B4D0-70D7EC094391}.Debug|Any CPU.Build.0 = Debug|Any CPU
		{4E5CA82A-F0C8-4D64-B4D0-70D7EC094391}.Release|Any CPU.ActiveCfg = Release|Any CPU
		{4E5CA82A-F0C8-4D64-B4D0-70D7EC094391}.Release|Any CPU.Build.0 = Release|Any CPU
		{D533EA38-B49C-4410-8A66-BC181FB8CB56}.Debug|Any CPU.ActiveCfg = Debug
		{D533EA38-B49C-4410-8A66-BC181FB8CB56}.Debug|Any CPU.Build.0 = Debug
		{D533EA38-B49C-4410-8A66-BC181FB8CB56}.Release|Any CPU.ActiveCfg = Release
		{D533EA38-B49C-4410-8A66-BC181FB8CB56}.Release|Any CPU.Build.0 = Release
	EndGlobalSection
	GlobalSection(SolutionProperties) = preSolution
		HideSolutionNode = FALSE
	EndGlobalSection
	GlobalSection(ExtensibilityGlobals) = postSolution
		SolutionGuid = {DD8196D2-E2B7-4037-9D0A-CC641D2E1A56}
	EndGlobalSection
EndGlobal
